
Microsoft Visual Studio Solution File, Format Version 12.00
# Visual Studio 15
VisualStudioVersion = 15.0.27004.2005
MinimumVisualStudioVersion = 10.0.40219.1
Project("{FAE04EC0-301F-11D3-BF4B-00C04F79EFBC}") = "TrafficLights", "TrafficLights\TrafficLights.csproj", "{D19FC0C3-E8E2-41A7-9EF1-48E38D42CA45}"
EndProject
Global
	GlobalSection(SolutionConfigurationPlatforms) = preSolution
		Debug|Any CPU = Debug|Any CPU
		Release|Any CPU = Release|Any CPU
	EndGlobalSection
	GlobalSection(ProjectConfigurationPlatforms) = postSolution
		{D19FC0C3-E8E2-41A7-9EF1-48E38D42CA45}.Debug|Any CPU.ActiveCfg = Debug|Any CPU
		{D19FC0C3-E8E2-41A7-9EF1-48E38D42CA45}.Debug|Any CPU.Build.0 = Debug|Any CPU
		{D19FC0C3-E8E2-41A7-9EF1-48E38D42CA45}.Release|Any CPU.ActiveCfg = Release|Any CPU
		{D19FC0C3-E8E2-41A7-9EF1-48E38D42CA45}.Release|Any CPU.Build.0 = Release|Any CPU
	EndGlobalSection
	GlobalSection(SolutionProperties) = preSolution
		HideSolutionNode = FALSE
	EndGlobalSection
	GlobalSection(ExtensibilityGlobals) = postSolution
		SolutionGuid = {C07576BA-48F5-41DE-9A3D-65543B7524A2}
	EndGlobalSection
EndGlobal
